
Microsoft Visual Studio Solution File, Format Version 12.00
# Visual Studio 15
VisualStudioVersion = 15.0.28307.572
MinimumVisualStudioVersion = 10.0.40219.1
Project("{9A19103F-16F7-4668-BE54-9A1E7A4F7556}") = "Drones", "Drones\Drones.csproj", "{366C6DD9-CF8C-459E-B772-2F7C5EFA5A6F}"
EndProject
Project("{9A19103F-16F7-4668-BE54-9A1E7A4F7556}") = "UserSubsytemAPI", "UserSubsytemAPI\UserSubsytemAPI.csproj", "{1B9DA5B9-2ADF-4F3B-BC4E-C00070243D5B}"
EndProject
Project("{FAE04EC0-301F-11D3-BF4B-00C04F79EFBC}") = "DroneControllerAPI", "DroneControllerAPI\DroneControllerAPI.csproj", "{E6520F73-8374-4C42-A1AD-0E7BA8D8F923}"
EndProject
Global
	GlobalSection(SolutionConfigurationPlatforms) = preSolution
		Debug|Any CPU = Debug|Any CPU
		Release|Any CPU = Release|Any CPU
	EndGlobalSection
	GlobalSection(ProjectConfigurationPlatforms) = postSolution
		{366C6DD9-CF8C-459E-B772-2F7C5EFA5A6F}.Debug|Any CPU.ActiveCfg = Debug|Any CPU
		{366C6DD9-CF8C-459E-B772-2F7C5EFA5A6F}.Debug|Any CPU.Build.0 = Debug|Any CPU
		{366C6DD9-CF8C-459E-B772-2F7C5EFA5A6F}.Release|Any CPU.ActiveCfg = Release|Any CPU
		{366C6DD9-CF8C-459E-B772-2F7C5EFA5A6F}.Release|Any CPU.Build.0 = Release|Any CPU
		{1B9DA5B9-2ADF-4F3B-BC4E-C00070243D5B}.Debug|Any CPU.ActiveCfg = Debug|Any CPU
		{1B9DA5B9-2ADF-4F3B-BC4E-C00070243D5B}.Debug|Any CPU.Build.0 = Debug|Any CPU
		{1B9DA5B9-2ADF-4F3B-BC4E-C00070243D5B}.Release|Any CPU.ActiveCfg = Release|Any CPU
		{1B9DA5B9-2ADF-4F3B-BC4E-C00070243D5B}.Release|Any CPU.Build.0 = Release|Any CPU
		{E6520F73-8374-4C42-A1AD-0E7BA8D8F923}.Debug|Any CPU.ActiveCfg = Debug|Any CPU
		{E6520F73-8374-4C42-A1AD-0E7BA8D8F923}.Debug|Any CPU.Build.0 = Debug|Any CPU
		{E6520F73-8374-4C42-A1AD-0E7BA8D8F923}.Release|Any CPU.ActiveCfg = Release|Any CPU
		{E6520F73-8374-4C42-A1AD-0E7BA8D8F923}.Release|Any CPU.Build.0 = Release|Any CPU
	EndGlobalSection
	GlobalSection(SolutionProperties) = preSolution
		HideSolutionNode = FALSE
	EndGlobalSection
	GlobalSection(ExtensibilityGlobals) = postSolution
		SolutionGuid = {DA87D862-8068-4DA0-80BA-C856FB2E7462}
	EndGlobalSection
EndGlobal
